
Microsoft Visual Studio Solution File, Format Version 12.00
# Visual Studio 15
VisualStudioVersion = 15.0.28307.489
MinimumVisualStudioVersion = 10.0.40219.1
Project("{FAE04EC0-301F-11D3-BF4B-00C04F79EFBC}") = "DEV-6", "DEV-6\DEV-6.csproj", "{0576C3B0-5EC1-4271-8206-77560AFC7AFC}"
EndProject
Global
	GlobalSection(SolutionConfigurationPlatforms) = preSolution
		Debug|Any CPU = Debug|Any CPU
		Release|Any CPU = Release|Any CPU
	EndGlobalSection
	GlobalSection(ProjectConfigurationPlatforms) = postSolution
		{0576C3B0-5EC1-4271-8206-77560AFC7AFC}.Debug|Any CPU.ActiveCfg = Debug|Any CPU
		{0576C3B0-5EC1-4271-8206-77560AFC7AFC}.Debug|Any CPU.Build.0 = Debug|Any CPU
		{0576C3B0-5EC1-4271-8206-77560AFC7AFC}.Release|Any CPU.ActiveCfg = Release|Any CPU
		{0576C3B0-5EC1-4271-8206-77560AFC7AFC}.Release|Any CPU.Build.0 = Release|Any CPU
	EndGlobalSection
	GlobalSection(SolutionProperties) = preSolution
		HideSolutionNode = FALSE
	EndGlobalSection
	GlobalSection(ExtensibilityGlobals) = postSolution
		SolutionGuid = {DB021AC6-7F70-44DE-96E7-1A6C0A9B4668}
	EndGlobalSection
EndGlobal
