
Microsoft Visual Studio Solution File, Format Version 12.00
# Visual Studio 15
VisualStudioVersion = 15.0.28307.489
MinimumVisualStudioVersion = 10.0.40219.1
Project("{FAE04EC0-301F-11D3-BF4B-00C04F79EFBC}") = "DEV-5", "DEV-5\DEV-5.csproj", "{C91211A2-D5A7-4DE8-8C57-EA20EC28D529}"
EndProject
Global
	GlobalSection(SolutionConfigurationPlatforms) = preSolution
		Debug|Any CPU = Debug|Any CPU
		Release|Any CPU = Release|Any CPU
	EndGlobalSection
	GlobalSection(ProjectConfigurationPlatforms) = postSolution
		{C91211A2-D5A7-4DE8-8C57-EA20EC28D529}.Debug|Any CPU.ActiveCfg = Debug|Any CPU
		{C91211A2-D5A7-4DE8-8C57-EA20EC28D529}.Debug|Any CPU.Build.0 = Debug|Any CPU
		{C91211A2-D5A7-4DE8-8C57-EA20EC28D529}.Release|Any CPU.ActiveCfg = Release|Any CPU
		{C91211A2-D5A7-4DE8-8C57-EA20EC28D529}.Release|Any CPU.Build.0 = Release|Any CPU
	EndGlobalSection
	GlobalSection(SolutionProperties) = preSolution
		HideSolutionNode = FALSE
	EndGlobalSection
	GlobalSection(ExtensibilityGlobals) = postSolution
		SolutionGuid = {D0639FF9-C57E-4CB8-BE29-0E16874C96C8}
	EndGlobalSection
EndGlobal
