
Microsoft Visual Studio Solution File, Format Version 12.00
# Visual Studio 15
VisualStudioVersion = 15.0.28307.489
MinimumVisualStudioVersion = 10.0.40219.1
Project("{FAE04EC0-301F-11D3-BF4B-00C04F79EFBC}") = "DEV-4", "DEV-4\DEV-4.csproj", "{538D8004-50C1-407D-AA34-A5543B4938C4}"
EndProject
Global
	GlobalSection(SolutionConfigurationPlatforms) = preSolution
		Debug|Any CPU = Debug|Any CPU
		Release|Any CPU = Release|Any CPU
	EndGlobalSection
	GlobalSection(ProjectConfigurationPlatforms) = postSolution
		{538D8004-50C1-407D-AA34-A5543B4938C4}.Debug|Any CPU.ActiveCfg = Debug|Any CPU
		{538D8004-50C1-407D-AA34-A5543B4938C4}.Debug|Any CPU.Build.0 = Debug|Any CPU
		{538D8004-50C1-407D-AA34-A5543B4938C4}.Release|Any CPU.ActiveCfg = Release|Any CPU
		{538D8004-50C1-407D-AA34-A5543B4938C4}.Release|Any CPU.Build.0 = Release|Any CPU
	EndGlobalSection
	GlobalSection(SolutionProperties) = preSolution
		HideSolutionNode = FALSE
	EndGlobalSection
	GlobalSection(ExtensibilityGlobals) = postSolution
		SolutionGuid = {43585795-9A49-43A9-A875-1E9C2AF164B2}
	EndGlobalSection
EndGlobal
