
Microsoft Visual Studio Solution File, Format Version 12.00
# Visual Studio 15
VisualStudioVersion = 15.0.28307.489
MinimumVisualStudioVersion = 10.0.40219.1
Project("{FAE04EC0-301F-11D3-BF4B-00C04F79EFBC}") = "ChainOfResponsibility", "ChainOfResponsibility\ChainOfResponsibility.csproj", "{A9277D91-E8F2-41C0-B67C-D9B341DFBD6D}"
EndProject
Global
	GlobalSection(SolutionConfigurationPlatforms) = preSolution
		Debug|Any CPU = Debug|Any CPU
		Release|Any CPU = Release|Any CPU
	EndGlobalSection
	GlobalSection(ProjectConfigurationPlatforms) = postSolution
		{A9277D91-E8F2-41C0-B67C-D9B341DFBD6D}.Debug|Any CPU.ActiveCfg = Debug|Any CPU
		{A9277D91-E8F2-41C0-B67C-D9B341DFBD6D}.Debug|Any CPU.Build.0 = Debug|Any CPU
		{A9277D91-E8F2-41C0-B67C-D9B341DFBD6D}.Release|Any CPU.ActiveCfg = Release|Any CPU
		{A9277D91-E8F2-41C0-B67C-D9B341DFBD6D}.Release|Any CPU.Build.0 = Release|Any CPU
	EndGlobalSection
	GlobalSection(SolutionProperties) = preSolution
		HideSolutionNode = FALSE
	EndGlobalSection
	GlobalSection(ExtensibilityGlobals) = postSolution
		SolutionGuid = {C84A22FC-DCE9-4F5D-BA89-EE8CF358517C}
	EndGlobalSection
EndGlobal
